
Microsoft Visual Studio Solution File, Format Version 12.00
# Visual Studio Version 17
VisualStudioVersion = 17.7.34221.43
MinimumVisualStudioVersion = 10.0.40219.1
Project("{FAE04EC0-301F-11D3-BF4B-00C04F79EFBC}") = "ConsoleApp", "ConsoleApp\ConsoleApp.csproj", "{371C0B1B-D2CA-4FEB-A010-755FC9C88850}"
EndProject
Project("{FAE04EC0-301F-11D3-BF4B-00C04F79EFBC}") = "ClassLibrary", "ClassLibrary\ClassLibrary.csproj", "{C70C4DFC-6A2F-492C-B3B6-51859E65E11F}"
EndProject
Project("{FAE04EC0-301F-11D3-BF4B-00C04F79EFBC}") = "WindowsFormsApp", "WindowsFormsApp\WindowsFormsApp.csproj", "{D7FBAD23-DDF5-4388-A877-BFDD3EF08F74}"
EndProject
Global
	GlobalSection(SolutionConfigurationPlatforms) = preSolution
		Debug|Any CPU = Debug|Any CPU
		Release|Any CPU = Release|Any CPU
	EndGlobalSection
	GlobalSection(ProjectConfigurationPlatforms) = postSolution
		{371C0B1B-D2CA-4FEB-A010-755FC9C88850}.Debug|Any CPU.ActiveCfg = Debug|Any CPU
		{371C0B1B-D2CA-4FEB-A010-755FC9C88850}.Debug|Any CPU.Build.0 = Debug|Any CPU
		{371C0B1B-D2CA-4FEB-A010-755FC9C88850}.Release|Any CPU.ActiveCfg = Release|Any CPU
		{371C0B1B-D2CA-4FEB-A010-755FC9C88850}.Release|Any CPU.Build.0 = Release|Any CPU
		{C70C4DFC-6A2F-492C-B3B6-51859E65E11F}.Debug|Any CPU.ActiveCfg = Debug|Any CPU
		{C70C4DFC-6A2F-492C-B3B6-51859E65E11F}.Debug|Any CPU.Build.0 = Debug|Any CPU
		{C70C4DFC-6A2F-492C-B3B6-51859E65E11F}.Release|Any CPU.ActiveCfg = Release|Any CPU
		{C70C4DFC-6A2F-492C-B3B6-51859E65E11F}.Release|Any CPU.Build.0 = Release|Any CPU
		{D7FBAD23-DDF5-4388-A877-BFDD3EF08F74}.Debug|Any CPU.ActiveCfg = Debug|Any CPU
		{D7FBAD23-DDF5-4388-A877-BFDD3EF08F74}.Debug|Any CPU.Build.0 = Debug|Any CPU
		{D7FBAD23-DDF5-4388-A877-BFDD3EF08F74}.Release|Any CPU.ActiveCfg = Release|Any CPU
		{D7FBAD23-DDF5-4388-A877-BFDD3EF08F74}.Release|Any CPU.Build.0 = Release|Any CPU
	EndGlobalSection
	GlobalSection(SolutionProperties) = preSolution
		HideSolutionNode = FALSE
	EndGlobalSection
	GlobalSection(ExtensibilityGlobals) = postSolution
		SolutionGuid = {40E204F2-DCE9-41F1-810C-D4514123D643}
	EndGlobalSection
EndGlobal
